dependencies:
- name: fabric
  repository: file://../fabric
  version: 1.2.40
- name: generic-db
  repository: file://../generic-db
  version: 1.1.10
- name: generic-db
  repository: file://../generic-db
  version: 1.1.10
- name: generic-db
  repository: file://../generic-db
  version: 1.1.10
- name: generic-db
  repository: file://../generic-db
  version: 1.1.10
- name: generic-db
  repository: file://../generic-db
  version: 1.1.10
digest: sha256:5663d19ca344ffcc166bba8150f685e3cabb6a32ec147848b464a15381f4afff
generated: "2026-09-18T14:23:39.322733138Z"
